
Microsoft Visual Studio Solution File, Format Version 12.00
# Visual Studio 14
VisualStudioVersion = 14.0.25420.1
MinimumVisualStudioVersion = 10.0.40219.1
Project("{FAE04EC0-301F-11D3-BF4B-00C04F79EFBC}") = "WindowsApplication2", "WindowsApplication2\WindowsApplication2.csproj", "{C80F13E2-B50F-43FB-85A6-9064F7783229}"
EndProject
Project("{FAE04EC0-301F-11D3-BF4B-00C04F79EFBC}") = "UFIDA.U9.Cust.U9CommonAPISv", "UFIDA.U9.Cust.U9CommonAPISv\UFIDA.U9.Cust.U9CommonAPISv.csproj", "{FB5CA908-593B-4A41-A505-2204387B5190}"
EndProject
Global
	GlobalSection(SolutionConfigurationPlatforms) = preSolution
		Debug|Any CPU = Debug|Any CPU
		Release|Any CPU = Release|Any CPU
	EndGlobalSection
	GlobalSection(ProjectConfigurationPlatforms) = postSolution
		{C80F13E2-B50F-43FB-85A6-9064F7783229}.Debug|Any CPU.ActiveCfg = Debug|Any CPU
		{C80F13E2-B50F-43FB-85A6-9064F7783229}.Debug|Any CPU.Build.0 = Debug|Any CPU
		{C80F13E2-B50F-43FB-85A6-9064F7783229}.Release|Any CPU.ActiveCfg = Release|Any CPU
		{C80F13E2-B50F-43FB-85A6-9064F7783229}.Release|Any CPU.Build.0 = Release|Any CPU
		{FB5CA908-593B-4A41-A505-2204387B5190}.Debug|Any CPU.ActiveCfg = Debug|Any CPU
		{FB5CA908-593B-4A41-A505-2204387B5190}.Debug|Any CPU.Build.0 = Debug|Any CPU
		{FB5CA908-593B-4A41-A505-2204387B5190}.Release|Any CPU.ActiveCfg = Release|Any CPU
		{FB5CA908-593B-4A41-A505-2204387B5190}.Release|Any CPU.Build.0 = Release|Any CPU
	EndGlobalSection
	GlobalSection(SolutionProperties) = preSolution
		HideSolutionNode = FALSE
	EndGlobalSection
EndGlobal
